
Microsoft Visual Studio Solution File, Format Version 12.00
# Visual Studio Version 16
VisualStudioVersion = 16.0.30128.74
MinimumVisualStudioVersion = 10.0.40219.1
Project("{FAE04EC0-301F-11D3-BF4B-00C04F79EFBC}") = "LostAndFound", "LostAndFound.csproj", "{21BCFFAF-B73B-450B-9EC1-49083D0A5D4E}"
EndProject
Global
	GlobalSection(SolutionConfigurationPlatforms) = preSolution
		Debug|Any CPU = Debug|Any CPU
		Release|Any CPU = Release|Any CPU
	EndGlobalSection
	GlobalSection(ProjectConfigurationPlatforms) = postSolution
		{21BCFFAF-B73B-450B-9EC1-49083D0A5D4E}.Debug|Any CPU.ActiveCfg = Debug|Any CPU
		{21BCFFAF-B73B-450B-9EC1-49083D0A5D4E}.Debug|Any CPU.Build.0 = Debug|Any CPU
		{21BCFFAF-B73B-450B-9EC1-49083D0A5D4E}.Release|Any CPU.ActiveCfg = Release|Any CPU
		{21BCFFAF-B73B-450B-9EC1-49083D0A5D4E}.Release|Any CPU.Build.0 = Release|Any CPU
	EndGlobalSection
	GlobalSection(SolutionProperties) = preSolution
		HideSolutionNode = FALSE
	EndGlobalSection
	GlobalSection(ExtensibilityGlobals) = postSolution
		SolutionGuid = {937854C8-67BE-4B75-B032-DF6C19954290}
	EndGlobalSection
EndGlobal
